{
  "name": "starlink",
  "version": "1.0.0",
  "lockfileVersion": 1,
  "requires": true,
  "dependencies": {
    "satellite.js": {
      "version": "4.1.1",
      "resolved": "https://registry.npmjs.org/satellite.js/-/satellite.js-4.1.1.tgz",
      "integrity": "sha512-fOWylAFtTyFf2MfqBcpuPtA4LnkA55zGURWWX+qUo7ihsa4vEgJonlm3mi1l26+8Hdzs04G3vP8m6PFT+b/2gA=="
    },
    "three": {
      "version": "0.121.0",
      "resolved": "https://registry.npmjs.org/three/-/three-0.121.0.tgz",
      "integrity": "sha512-12bkOFsSCsfHViuqDuxDccMBT8eJ/UH829P1J50f4mvI9pWNX4iurZq8Vbo+rs9rKkgrSBRq7ubE77dQ1Y1hzA=="
    },
    "tle.js": {
      "version": "4.2.5",
      "resolved": "https://registry.npmjs.org/tle.js/-/tle.js-4.2.5.tgz",
      "integrity": "sha512-j2I8UaK11xQtUHU6Z6GSt7Wy0xEiSrap/U942++L4P3chrEemmtNWuipbIDtUbPiVaji+ObO6sr7x5meDZ1KgA==",
      "requires": {
        "satellite.js": "^4.1.1"
      }
    }
  }
}
